
Microsoft Visual Studio Solution File, Format Version 12.00
# Visual Studio Version 16
VisualStudioVersion = 16.0.31129.286
MinimumVisualStudioVersion = 10.0.40219.1
Project("{8BC9CEB8-8B4A-11D0-8D11-00A0C91BC942}") = "Hited", "Hited\Hited.vcxproj", "{CC9A030B-3E0D-47A9-9641-FD3F1C33DC52}"
EndProject
Global
	GlobalSection(SolutionConfigurationPlatforms) = preSolution
		Debug|x64 = Debug|x64
		Debug|x86 = Debug|x86
		Release|x64 = Release|x64
		Release|x86 = Release|x86
	EndGlobalSection
	GlobalSection(ProjectConfigurationPlatforms) = postSolution
		{CC9A030B-3E0D-47A9-9641-FD3F1C33DC52}.Debug|x64.ActiveCfg = Debug|x64
		{CC9A030B-3E0D-47A9-9641-FD3F1C33DC52}.Debug|x64.Build.0 = Debug|x64
		{CC9A030B-3E0D-47A9-9641-FD3F1C33DC52}.Debug|x86.ActiveCfg = Debug|Win32
		{CC9A030B-3E0D-47A9-9641-FD3F1C33DC52}.Debug|x86.Build.0 = Debug|Win32
		{CC9A030B-3E0D-47A9-9641-FD3F1C33DC52}.Release|x64.ActiveCfg = Release|x64
		{CC9A030B-3E0D-47A9-9641-FD3F1C33DC52}.Release|x64.Build.0 = Release|x64
		{CC9A030B-3E0D-47A9-9641-FD3F1C33DC52}.Release|x86.ActiveCfg = Release|Win32
		{CC9A030B-3E0D-47A9-9641-FD3F1C33DC52}.Release|x86.Build.0 = Release|Win32
	EndGlobalSection
	GlobalSection(SolutionProperties) = preSolution
		HideSolutionNode = FALSE
	EndGlobalSection
	GlobalSection(ExtensibilityGlobals) = postSolution
		SolutionGuid = {7134654A-DC39-4167-83BC-A824685D25A6}
	EndGlobalSection
EndGlobal
